{
  "version": 4,
  "terraform_version": "1.12.1",
  "serial": 192,
  "lineage": "a2e4003c-d336-e590-8af9-af5ac7a1b036",
  "outputs": {
    "ec2_public_ip": {
      "value": "3.134.245.218",
      "type": "string"
    }
  },
  "resources": [
    {
      "mode": "data",
      "type": "aws_iam_policy_document",
      "name": "ssm_assume",
      "provider": "provider[\"registry.terraform.io/hashicorp/aws\"]",
      "instances": [
        {
          "schema_version": 0,
          "attributes": {
            "id": "2851119427",
            "json": "{\n  \"Version\": \"2012-10-17\",\n  \"Statement\": [\n    {\n      \"Effect\": \"Allow\",\n      \"Action\": \"sts:AssumeRole\",\n      \"Principal\": {\n        \"Service\": \"ec2.amazonaws.com\"\n      }\n    }\n  ]\n}",
            "minified_json": "{\"Version\":\"2012-10-17\",\"Statement\":[{\"Effect\":\"Allow\",\"Action\":\"sts:AssumeRole\",\"Principal\":{\"Service\":\"ec2.amazonaws.com\"}}]}",
            "override_json": null,
            "override_policy_documents": null,
            "policy_id": null,
            "source_json": null,
            "source_policy_documents": null,
            "statement": [
              {
                "actions": [
                  "sts:AssumeRole"
                ],
                "condition": [],
                "effect": "Allow",
                "not_actions": [],
                "not_principals": [],
                "not_resources": [],
                "principals": [
                  {
                    "identifiers": [
                      "ec2.amazonaws.com"
                    ],
                    "type": "Service"
                  }
                ],
                "resources": [],
                "sid": ""
              }
            ],
            "version": "2012-10-17"
          },
          "sensitive_attributes": [],
          "identity_schema_version": 0
        }
      ]
    },
    {
      "mode": "managed",
      "type": "aws_iam_instance_profile",
      "name": "ssm_profile",
      "provider": "provider[\"registry.terraform.io/hashicorp/aws\"]",
      "instances": [
        {
          "schema_version": 0,
          "attributes": {
            "arn": "arn:aws:iam::546132122685:instance-profile/ssm-for-backend-profile",
            "create_date": "2025-05-24T22:40:22Z",
            "id": "ssm-for-backend-profile",
            "name": "ssm-for-backend-profile",
            "name_prefix": "",
            "path": "/",
            "role": "ssm-for-backend",
            "tags": {},
            "tags_all": {},
            "unique_id": "AIPAX6KAC3Q6W2DQLIE2Q"
          },
          "sensitive_attributes": [],
          "identity_schema_version": 0,
          "private": "bnVsbA==",
          "dependencies": [
            "aws_iam_role.ssm",
            "data.aws_iam_policy_document.ssm_assume"
          ]
        }
      ]
    },
    {
      "mode": "managed",
      "type": "aws_iam_role",
      "name": "ssm",
      "provider": "provider[\"registry.terraform.io/hashicorp/aws\"]",
      "instances": [
        {
          "schema_version": 0,
          "attributes": {
            "arn": "arn:aws:iam::546132122685:role/ssm-for-backend",
            "assume_role_policy": "{\"Statement\":[{\"Action\":\"sts:AssumeRole\",\"Effect\":\"Allow\",\"Principal\":{\"Service\":\"ec2.amazonaws.com\"}}],\"Version\":\"2012-10-17\"}",
            "create_date": "2025-05-24T22:40:20Z",
            "description": "",
            "force_detach_policies": false,
            "id": "ssm-for-backend",
            "inline_policy": [],
            "managed_policy_arns": [
              "arn:aws:iam::aws:policy/AmazonSSMManagedInstanceCore"
            ],
            "max_session_duration": 3600,
            "name": "ssm-for-backend",
            "name_prefix": "",
            "path": "/",
            "permissions_boundary": "",
            "tags": {},
            "tags_all": {},
            "unique_id": "AROAX6KAC3Q6QGJG4WZR5"
          },
          "sensitive_attributes": [],
          "identity_schema_version": 0,
          "private": "bnVsbA==",
          "dependencies": [
            "data.aws_iam_policy_document.ssm_assume"
          ]
        }
      ]
    },
    {
      "mode": "managed",
      "type": "aws_iam_role_policy_attachment",
      "name": "ssm_attach",
      "provider": "provider[\"registry.terraform.io/hashicorp/aws\"]",
      "instances": [
        {
          "schema_version": 0,
          "attributes": {
            "id": "ssm-for-backend-20250524224021878400000001",
            "policy_arn": "arn:aws:iam::aws:policy/AmazonSSMManagedInstanceCore",
            "role": "ssm-for-backend"
          },
          "sensitive_attributes": [],
          "identity_schema_version": 0,
          "private": "bnVsbA==",
          "dependencies": [
            "aws_iam_role.ssm",
            "data.aws_iam_policy_document.ssm_assume"
          ]
        }
      ]
    },
    {
      "mode": "managed",
      "type": "aws_key_pair",
      "name": "revalida",
      "provider": "provider[\"registry.terraform.io/hashicorp/aws\"]",
      "instances": [
        {
          "schema_version": 1,
          "attributes": {
            "arn": "arn:aws:ec2:us-east-2:546132122685:key-pair/revalida-key",
            "fingerprint": "ba:ad:5c:73:21:35:4b:a7:a3:31:a4:5b:50:62:ef:08",
            "id": "revalida-key",
            "key_name": "revalida-key",
            "key_name_prefix": "",
            "key_pair_id": "key-01b754d3eec5babd4",
            "key_type": "rsa",
            "public_key": "ssh-rsa AAAAB3NzaC1yc2EAAAADAQABAAACAQC4Fyrj5MIeEqVG9cx/Bc9J1epvp+Ij47oc49iV1KZrRiYhgW4aKznzjAQA2GFlCYlI8+kvwJ5fJ3SAHvmH2eIzzPYBJS++Lag0vAcVt3iehsgNqdHtgCJeWqdnlNLDtB12rfhexNQCw9jhrV25iXDsrWkLiWulCIdRqxFaK0MIQnR6TVS3XPqDucAuObHRPBxtojVeUrP7wEDms1X2kh0dPdI9xx9+y3MSE16CMgxMCEys3CN3hxAECsdzv6Pt5Ez7B3TG0vKFQqDhajdcsb4gv8eSa4JezE5u5U5QoDno9HHk5D1UbHE1AuywcT8REM2g5HztCuGntdhubQvcUkxot9pD5zhKuhPxE/SuiiAAAfGEbE2LFEV2bHI9JBiDQ8CsrmhE5sOY4BkkKQMG/wxCGBZvD5lKkjxGjNpMN3tbpbjiTV8hWFgMyZk8BZ/jk7/8QratPjSzi+EomV6icZVHBxLCol6fTe6sbb1ndDE5YUD5Sno7si5lzmhzuMlY2iIuxja9RsZ4XCMzyyorQXqYwFwhM/bOjn55fM0HwxDdhnnJviPy7NBp8XfaUBKToUkcbYvv3NnMqHmQoFGwVQoN4HhqFdhxiEKqbC/vk7boCouou3PXmd8jU+fst0w8xCZiiVIhNkEXlJNlaJKro0lPDFLw4rBv2kg/OWYs7boNQw==",
            "tags": {},
            "tags_all": {}
          },
          "sensitive_attributes": [],
          "identity_schema_version": 0,
          "private": "eyJzY2hlbWFfdmVyc2lvbiI6IjEifQ=="
        }
      ]
    },
    {
      "mode": "managed",
      "type": "aws_security_group",
      "name": "backend_sg",
      "provider": "provider[\"registry.terraform.io/hashicorp/aws\"]",
      "instances": [
        {
          "schema_version": 1,
          "attributes": {
            "arn": "arn:aws:ec2:us-east-2:546132122685:security-group/sg-093c50177f1257f11",
            "description": "Allow SSH, API and DB",
            "egress": [
              {
                "cidr_blocks": [
                  "0.0.0.0/0"
                ],
                "description": "",
                "from_port": 0,
                "ipv6_cidr_blocks": [],
                "prefix_list_ids": [],
                "protocol": "-1",
                "security_groups": [],
                "self": false,
                "to_port": 0
              }
            ],
            "id": "sg-093c50177f1257f11",
            "ingress": [
              {
                "cidr_blocks": [
                  "0.0.0.0/0"
                ],
                "description": "",
                "from_port": 22,
                "ipv6_cidr_blocks": [],
                "prefix_list_ids": [],
                "protocol": "tcp",
                "security_groups": [],
                "self": false,
                "to_port": 22
              },
              {
                "cidr_blocks": [
                  "0.0.0.0/0"
                ],
                "description": "",
                "from_port": 3333,
                "ipv6_cidr_blocks": [],
                "prefix_list_ids": [],
                "protocol": "tcp",
                "security_groups": [],
                "self": false,
                "to_port": 3333
              },
              {
                "cidr_blocks": [
                  "127.0.0.1/32"
                ],
                "description": "",
                "from_port": 5432,
                "ipv6_cidr_blocks": [],
                "prefix_list_ids": [],
                "protocol": "tcp",
                "security_groups": [],
                "self": false,
                "to_port": 5432
              }
            ],
            "name": "backend_sg",
            "name_prefix": "",
            "owner_id": "546132122685",
            "revoke_rules_on_delete": false,
            "tags": {},
            "tags_all": {},
            "timeouts": null,
            "vpc_id": "vpc-04f68841b3a928c7f"
          },
          "sensitive_attributes": [],
          "identity_schema_version": 0,
          "private": "eyJlMmJmYjczMC1lY2FhLTExZTYtOGY4OC0zNDM2M2JjN2M0YzAiOnsiY3JlYXRlIjo2MDAwMDAwMDAwMDAsImRlbGV0ZSI6OTAwMDAwMDAwMDAwfSwic2NoZW1hX3ZlcnNpb24iOiIxIn0="
        }
      ]
    }
  ],
  "check_results": null
}
